// !$*UTF8*$!
{
	archiveVersion = 1;
	classes = {
	};
	objectVersion = 46;
	objects = {

/* Begin PBXBuildFile section */
		67CDF0841C44509B00977C70 /* AppDelegate.swift in Sources */ = {isa = PBXBuildFile; fileRef = 67CDF0831C44509B00977C70 /* AppDelegate.swift */; };
		67CDF0861C44509B00977C70 /* ViewController.swift in Sources */ = {isa = PBXBuildFile; fileRef = 67CDF0851C44509B00977C70 /* ViewController.swift */; };
		67CDF0891C44509B00977C70 /* Main.storyboard in Resources */ = {isa = PBXBuildFile; fileRef = 67CDF0871C44509B00977C70 /* Main.storyboard */; };
		67CDF08B1C44509B00977C70 /* Assets.xcassets in Resources */ = {isa = PBXBuildFile; fileRef = 67CDF08A1C44509B00977C70 /* Assets.xcassets */; };
		67CDF08E1C44509B00977C70 /* LaunchScreen.storyboard in Resources */ = {isa = PBXBuildFile; fileRef = 67CDF08C1C44509B00977C70 /* LaunchScreen.storyboard */; };
		67CDF0991C44509B00977C70 /* LoginTests.swift in Sources */ = {isa = PBXBuildFile; fileRef = 67CDF0981C44509B00977C70 /* LoginTests.swift */; };
		67CDF0A41C44509B00977C70 /* LoginUITests.swift in Sources */ = {isa = PBXBuildFile; fileRef = 67CDF0A31C44509B00977C70 /* LoginUITests.swift */; };
/* End PBXBuildFile section */

/* Begin PBXContainerItemProxy section */
		67CDF0951C44509B00977C70 /* PBXContainerItemProxy */ = {
			isa = PBXContainerItemProxy;
			containerPortal = 67CDF0781C44509A00977C70 /* Project object */;
			proxyType = 1;
			remoteGlobalIDString = 67CDF07F1C44509B00977C70;
			remoteInfo = Login;
		};
		67CDF0A01C44509B00977C70 /* PBXContainerItemProxy */ = {
			isa = PBXContainerItemProxy;
			containerPortal = 67CDF0781C44509A00977C70 /* Project object */;
			proxyType = 1;
			remoteGlobalIDString = 67CDF07F1C44509B00977C70;
			remoteInfo = Login;
		};
/* End PBXContainerItemProxy section */

/* Begin PBXFileReference section */
		67CDF0801C44509B00977C70 /* Login.app */ = {isa = PBXFileReference; explicitFileType = wrapper.application; includeInIndex = 0; path = Login.app; sourceTree = BUILT_PRODUCTS_DIR; };
		67CDF0831C44509B00977C70 /* AppDelegate.swift */ = {isa = PBXFileReference; lastKnownFileType = sourcecode.swift; path = AppDelegate.swift; sourceTree = "<group>"; };
		67CDF0851C44509B00977C70 /* ViewController.swift */ = {isa = PBXFileReference; lastKnownFileType = sourcecode.swift; path = ViewController.swift; sourceTree = "<group>"; };
		67CDF0881C44509B00977C70 /* Base */ = {isa = PBXFileReference; lastKnownFileType = file.storyboard; name = Base; path = Base.lproj/Main.storyboard; sourceTree = "<group>"; };
		67CDF08A1C44509B00977C70 /* Assets.xcassets */ = {isa = PBXFileReference; lastKnownFileType = folder.assetcatalog; path = Assets.xcassets; sourceTree = "<group>"; };
		67CDF08D1C44509B00977C70 /* Base */ = {isa = PBXFileReference; lastKnownFileType = file.storyboard; name = Base; path = Base.lproj/LaunchScreen.storyboard; sourceTree = "<group>"; };
		67CDF08F1C44509B00977C70 /* Info.plist */ = {isa = PBXFileReference; lastKnownFileType = text.plist.xml; path = Info.plist; sourceTree = "<group>"; };
		67CDF0941C44509B00977C70 /* LoginTests.xctest */ = {isa = PBXFileReference; explicitFileType = wrapper.cfbundle; includeInIndex = 0; path = LoginTests.xctest; sourceTree = BUILT_PRODUCTS_DIR; };
		67CDF0981C44509B00977C70 /* LoginTests.swift */ = {isa = PBXFileReference; lastKnownFileType = sourcecode.swift; path = LoginTests.swift; sourceTree = "<group>"; };
		67CDF09A1C44509B00977C70 /* Info.plist */ = {isa = PBXFileReference; lastKnownFileType = text.plist.xml; path = Info.plist; sourceTree = "<group>"; };
		67CDF09F1C44509B00977C70 /* LoginUITests.xctest */ = {isa = PBXFileReference; explicitFileType = wrapper.cfbundle; includeInIndex = 0; path = LoginUITests.xctest; sourceTree = BUILT_PRODUCTS_DIR; };
		67CDF0A31C44509B00977C70 /* LoginUITests.swift */ = {isa = PBXFileReference; lastKnownFileType = sourcecode.swift; path = LoginUITests.swift; sourceTree = "<group>"; };
		67CDF0A51C44509B00977C70 /* Info.plist */ = {isa = PBXFileReference; lastKnownFileType = text.plist.xml; path = Info.plist; sourceTree = "<group>"; };
/* End PBXFileReference section */

/* Begin PBXFrameworksBuildPhase section */
		67CDF07D1C44509B00977C70 /* Frameworks */ = {
			isa = PBXFrameworksBuildPhase;
			buildActionMask = 2147483647;
			files = (
			);
			runOnlyForDeploymentPostprocessing = 0;
		};
		67CDF0911C44509B00977C70 /* Frameworks */ = {
			isa = PBXFrameworksBuildPhase;
			buildActionMask = 2147483647;
			files = (
			);
			runOnlyForDeploymentPostprocessing = 0;
		};
		67CDF09C1C44509B00977C70 /* Frameworks */ = {
			isa = PBXFrameworksBuildPhase;
			buildActionMask = 2147483647;
			files = (
			);
			runOnlyForDeploymentPostprocessing = 0;
		};
/* End PBXFrameworksBuildPhase section */

/* Begin PBXGroup section */
		67CDF0771C44509A00977C70 = {
			isa = PBXGroup;
			children = (
				67CDF0821C44509B00977C70 /* Login */,
				67CDF0971C44509B00977C70 /* LoginTests */,
				67CDF0A21C44509B00977C70 /* LoginUITests */,
				67CDF0811C44509B00977C70 /* Products */,
			);
			sourceTree = "<group>";
		};
		67CDF0811C44509B00977C70 /* Products */ = {
			isa = PBXGroup;
			children = (
				67CDF0801C44509B00977C70 /* Login.app */,
				67CDF0941C44509B00977C70 /* LoginTests.xctest */,
				67CDF09F1C44509B00977C70 /* LoginUITests.xctest */,
			);
			name = Products;
			sourceTree = "<group>";
		};
		67CDF0821C44509B00977C70 /* Login */ = {
			isa = PBXGroup;
			children = (
				67CDF0831C44509B00977C70 /* AppDelegate.swift */,
				67CDF0851C44509B00977C70 /* ViewController.swift */,
				67CDF0871C44509B00977C70 /* Main.storyboard */,
				67CDF08A1C44509B00977C70 /* Assets.xcassets */,
				67CDF08C1C44509B00977C70 /* LaunchScreen.storyboard */,
				67CDF08F1C44509B00977C70 /* Info.plist */,
			);
			path = Login;
			sourceTree = "<group>";
		};
		67CDF0971C44509B00977C70 /* LoginTests */ = {
			isa = PBXGroup;
			children = (
				67CDF0981C44509B00977C70 /* LoginTests.swift */,
				67CDF09A1C44509B00977C70 /* Info.plist */,
			);
			path = LoginTests;
			sourceTree = "<group>";
		};
		67CDF0A21C44509B00977C70 /* LoginUITests */ = {
			isa = PBXGroup;
			children = (
				67CDF0A31C44509B00977C70 /* LoginUITests.swift */,
				67CDF0A51C44509B00977C70 /* Info.plist */,
			);
			path = LoginUITests;
			sourceTree = "<group>";
		};
/* End PBXGroup section */

/* Begin PBXNativeTarget section */
		67CDF07F1C44509B00977C70 /* Login */ = {
			isa = PBXNativeTarget;
			buildConfigurationList = 67CDF0A81C44509B00977C70 /* Build configuration list for PBXNativeTarget "Login" */;
			buildPhases = (
				67CDF07C1C44509B00977C70 /* Sources */,
				67CDF07D1C44509B00977C70 /* Frameworks */,
				67CDF07E1C44509B00977C70 /* Resources */,
			);
			buildRules = (
			);
			dependencies = (
			);
			name = Login;
			productName = Login;
			productReference = 67CDF0801C44509B00977C70 /* Login.app */;
			productType = "com.apple.product-type.application";
		};
		67CDF0931C44509B00977C70 /* LoginTests */ = {
			isa = PBXNativeTarget;
			buildConfigurationList = 67CDF0AB1C44509B00977C70 /* Build configuration list for PBXNativeTarget "LoginTests" */;
			buildPhases = (
				67CDF0901C44509B00977C70 /* Sources */,
				67CDF0911C44509B00977C70 /* Frameworks */,
				67CDF0921C44509B00977C70 /* Resources */,
			);
			buildRules = (
			);
			dependencies = (
				67CDF0961C44509B00977C70 /* PBXTargetDependency */,
			);
			name = LoginTests;
			productName = LoginTests;
			productReference = 67CDF0941C44509B00977C70 /* LoginTests.xctest */;
			productType = "com.apple.product-type.bundle.unit-test";
		};
		67CDF09E1C44509B00977C70 /* LoginUITests */ = {
			isa = PBXNativeTarget;
			buildConfigurationList = 67CDF0AE1C44509B00977C70 /* Build configuration list for PBXNativeTarget "LoginUITests" */;
			buildPhases = (
				67CDF09B1C44509B00977C70 /* Sources */,
				67CDF09C1C44509B00977C70 /* Frameworks */,
				67CDF09D1C44509B00977C70 /* Resources */,
			);
			buildRules = (
			);
			dependencies = (
				67CDF0A11C44509B00977C70 /* PBXTargetDependency */,
			);
			name = LoginUITests;
			productName = LoginUITests;
			productReference = 67CDF09F1C44509B00977C70 /* LoginUITests.xctest */;
			productType = "com.apple.product-type.bundle.ui-testing";
		};
/* End PBXNativeTarget section */

/* Begin PBXProject section */
		67CDF0781C44509A00977C70 /* Project object */ = {
			isa = PBXProject;
			attributes = {
				LastSwiftUpdateCheck = 0720;
				LastUpgradeCheck = 0720;
				ORGANIZATIONNAME = "Ethan Neff";
				TargetAttributes = {
					67CDF07F1C44509B00977C70 = {
						CreatedOnToolsVersion = 7.2;
					};
					67CDF0931C44509B00977C70 = {
						CreatedOnToolsVersion = 7.2;
						TestTargetID = 67CDF07F1C44509B00977C70;
					};
					67CDF09E1C44509B00977C70 = {
						CreatedOnToolsVersion = 7.2;
						TestTargetID = 67CDF07F1C44509B00977C70;
					};
				};
			};
			buildConfigurationList = 67CDF07B1C44509A00977C70 /* Build configuration list for PBXProject "Login" */;
			compatibilityVersion = "Xcode 3.2";
			developmentRegion = English;
			hasScannedForEncodings = 0;
			knownRegions = (
				en,
				Base,
			);
			mainGroup = 67CDF0771C44509A00977C70;
			productRefGroup = 67CDF0811C44509B00977C70 /* Products */;
			projectDirPath = "";
			projectRoot = "";
			targets = (
				67CDF07F1C44509B00977C70 /* Login */,
				67CDF0931C44509B00977C70 /* LoginTests */,
				67CDF09E1C44509B00977C70 /* LoginUITests */,
			);
		};
/* End PBXProject section */

/* Begin PBXResourcesBuildPhase section */
		67CDF07E1C44509B00977C70 /* Resources */ = {
			isa = PBXResourcesBuildPhase;
			buildActionMask = 2147483647;
			files = (
				67CDF08E1C44509B00977C70 /* LaunchScreen.storyboard in Resources */,
				67CDF08B1C44509B00977C70 /* Assets.xcassets in Resources */,
				67CDF0891C44509B00977C70 /* Main.storyboard in Resources */,
			);
			runOnlyForDeploymentPostprocessing = 0;
		};
		67CDF0921C44509B00977C70 /* Resources */ = {
			isa = PBXResourcesBuildPhase;
			buildActionMask = 2147483647;
			files = (
			);
			runOnlyForDeploymentPostprocessing = 0;
		};
		67CDF09D1C44509B00977C70 /* Resources */ = {
			isa = PBXResourcesBuildPhase;
			buildActionMask = 2147483647;
			files = (
			);
			runOnlyForDeploymentPostprocessing = 0;
		};
/* End PBXResourcesBuildPhase section */

/* Begin PBXSourcesBuildPhase section */
		67CDF07C1C44509B00977C70 /* Sources */ = {
			isa = PBXSourcesBuildPhase;
			buildActionMask = 2147483647;
			files = (
				67CDF0861C44509B00977C70 /* ViewController.swift in Sources */,
				67CDF0841C44509B00977C70 /* AppDelegate.swift in Sources */,
			);
			runOnlyForDeploymentPostprocessing = 0;
		};
		67CDF0901C44509B00977C70 /* Sources */ = {
			isa = PBXSourcesBuildPhase;
			buildActionMask = 2147483647;
			files = (
				67CDF0991C44509B00977C70 /* LoginTests.swift in Sources */,
			);
			runOnlyForDeploymentPostprocessing = 0;
		};
		67CDF09B1C44509B00977C70 /* Sources */ = {
			isa = PBXSourcesBuildPhase;
			buildActionMask = 2147483647;
			files = (
				67CDF0A41C44509B00977C70 /* LoginUITests.swift in Sources */,
			);
			runOnlyForDeploymentPostprocessing = 0;
		};
/* End PBXSourcesBuildPhase section */

/* Begin PBXTargetDependency section */
		67CDF0961C44509B00977C70 /* PBXTargetDependency */ = {
			isa = PBXTargetDependency;
			target = 67CDF07F1C44509B00977C70 /* Login */;
			targetProxy = 67CDF0951C44509B00977C70 /* PBXContainerItemProxy */;
		};
		67CDF0A11C44509B00977C70 /* PBXTargetDependency */ = {
			isa = PBXTargetDependency;
			target = 67CDF07F1C44509B00977C70 /* Login */;
			targetProxy = 67CDF0A01C44509B00977C70 /* PBXContainerItemProxy */;
		};
/* End PBXTargetDependency section */

/* Begin PBXVariantGroup section */
		67CDF0871C44509B00977C70 /* Main.storyboard */ = {
			isa = PBXVariantGroup;
			children = (
				67CDF0881C44509B00977C70 /* Base */,
			);
			name = Main.storyboard;
			sourceTree = "<group>";
		};
		67CDF08C1C44509B00977C70 /* LaunchScreen.storyboard */ = {
			isa = PBXVariantGroup;
			children = (
				67CDF08D1C44509B00977C70 /* Base */,
			);
			name = LaunchScreen.storyboard;
			sourceTree = "<group>";
		};
/* End PBXVariantGroup section */

/* Begin XCBuildConfiguration section */
		67CDF0A61C44509B00977C70 /* Debug */ = {
			isa = XCBuildConfiguration;
			buildSettings = {
				ALWAYS_SEARCH_USER_PATHS = NO;
				CLANG_CXX_LANGUAGE_STANDARD = "gnu++0x";
				CLANG_CXX_LIBRARY = "libc++";
				CLANG_ENABLE_MODULES = YES;
				CLANG_ENABLE_OBJC_ARC = YES;
				CLANG_WARN_BOOL_CONVERSION = YES;
				CLANG_WARN_CONSTANT_CONVERSION = YES;
				CLANG_WARN_DIRECT_OBJC_ISA_USAGE = YES_ERROR;
				CLANG_WARN_EMPTY_BODY = YES;
				CLANG_WARN_ENUM_CONVERSION = YES;
				CLANG_WARN_INT_CONVERSION = YES;
				CLANG_WARN_OBJC_ROOT_CLASS = YES_ERROR;
				CLANG_WARN_UNREACHABLE_CODE = YES;
				CLANG_WARN__DUPLICATE_METHOD_MATCH = YES;
				"CODE_SIGN_IDENTITY[sdk=iphoneos*]" = "iPhone Developer";
				COPY_PHASE_STRIP = NO;
				DEBUG_INFORMATION_FORMAT = dwarf;
				ENABLE_STRICT_OBJC_MSGSEND = YES;
				ENABLE_TESTABILITY = YES;
				GCC_C_LANGUAGE_STANDARD = gnu99;
				GCC_DYNAMIC_NO_PIC = NO;
				GCC_NO_COMMON_BLOCKS = YES;
				GCC_OPTIMIZATION_LEVEL = 0;
				GCC_PREPROCESSOR_DEFINITIONS = (
					"DEBUG=1",
					"$(inherited)",
				);
				GCC_WARN_64_TO_32_BIT_CONVERSION = YES;
				GCC_WARN_ABOUT_RETURN_TYPE = YES_ERROR;
				GCC_WARN_UNDECLARED_SELECTOR = YES;
				GCC_WARN_UNINITIALIZED_AUTOS = YES_AGGRESSIVE;
				GCC_WARN_UNUSED_FUNCTION = YES;
				GCC_WARN_UNUSED_VARIABLE = YES;
				IPHONEOS_DEPLOYMENT_TARGET = 9.2;
				MTL_ENABLE_DEBUG_INFO = YES;
				ONLY_ACTIVE_ARCH = YES;
				SDKROOT = iphoneos;
				SWIFT_OPTIMIZATION_LEVEL = "-Onone";
				TARGETED_DEVICE_FAMILY = "1,2";
			};
			name = Debug;
		};
		67CDF0A71C44509B00977C70 /* Release */ = {
			isa = XCBuildConfiguration;
			buildSettings = {
				ALWAYS_SEARCH_USER_PATHS = NO;
				CLANG_CXX_LANGUAGE_STANDARD = "gnu++0x";
				CLANG_CXX_LIBRARY = "libc++";
				CLANG_ENABLE_MODULES = YES;
				CLANG_ENABLE_OBJC_ARC = YES;
				CLANG_WARN_BOOL_CONVERSION = YES;
				CLANG_WARN_CONSTANT_CONVERSION = YES;
				CLANG_WARN_DIRECT_OBJC_ISA_USAGE = YES_ERROR;
				CLANG_WARN_EMPTY_BODY = YES;
				CLANG_WARN_ENUM_CONVERSION = YES;
				CLANG_WARN_INT_CONVERSION = YES;
				CLANG_WARN_OBJC_ROOT_CLASS = YES_ERROR;
				CLANG_WARN_UNREACHABLE_CODE = YES;
				CLANG_WARN__DUPLICATE_METHOD_MATCH = YES;
				"CODE_SIGN_IDENTITY[sdk=iphoneos*]" = "iPhone Developer";
				COPY_PHASE_STRIP = NO;
				DEBUG_INFORMATION_FORMAT = "dwarf-with-dsym";
				ENABLE_NS_ASSERTIONS = NO;
				ENABLE_STRICT_OBJC_MSGSEND = YES;
				GCC_C_LANGUAGE_STANDARD = gnu99;
				GCC_NO_COMMON_BLOCKS = YES;
				GCC_WARN_64_TO_32_BIT_CONVERSION = YES;
				GCC_WARN_ABOUT_RETURN_TYPE = YES_ERROR;
				GCC_WARN_UNDECLARED_SELECTOR = YES;
				GCC_WARN_UNINITIALIZED_AUTOS = YES_AGGRESSIVE;
				GCC_WARN_UNUSED_FUNCTION = YES;
				GCC_WARN_UNUSED_VARIABLE = YES;
				IPHONEOS_DEPLOYMENT_TARGET = 9.2;
				MTL_ENABLE_DEBUG_INFO = NO;
				SDKROOT = iphoneos;
				TARGETED_DEVICE_FAMILY = "1,2";
				VALIDATE_PRODUCT = YES;
			};
			name = Release;
		};
		67CDF0A91C44509B00977C70 /* Debug */ = {
			isa = XCBuildConfiguration;
			buildSettings = {
				ASSETCATALOG_COMPILER_APPICON_NAME = AppIcon;
				INFOPLIST_FILE = Login/Info.plist;
				LD_RUNPATH_SEARCH_PATHS = "$(inherited) @executable_path/Frameworks";
				PRODUCT_BUNDLE_IDENTIFIER = com.eneff.Login;
				PRODUCT_NAME = "$(TARGET_NAME)";
			};
			name = Debug;
		};
		67CDF0AA1C44509B00977C70 /* Release */ = {
			isa = XCBuildConfiguration;
			buildSettings = {
				ASSETCATALOG_COMPILER_APPICON_NAME = AppIcon;
				INFOPLIST_FILE = Login/Info.plist;
				LD_RUNPATH_SEARCH_PATHS = "$(inherited) @executable_path/Frameworks";
				PRODUCT_BUNDLE_IDENTIFIER = com.eneff.Login;
				PRODUCT_NAME = "$(TARGET_NAME)";
			};
			name = Release;
		};
		67CDF0AC1C44509B00977C70 /* Debug */ = {
			isa = XCBuildConfiguration;
			buildSettings = {
				BUNDLE_LOADER = "$(TEST_HOST)";
				INFOPLIST_FILE = LoginTests/Info.plist;
				LD_RUNPATH_SEARCH_PATHS = "$(inherited) @executable_path/Frameworks @loader_path/Frameworks";
				PRODUCT_BUNDLE_IDENTIFIER = com.eneff.LoginTests;
				PRODUCT_NAME = "$(TARGET_NAME)";
				TEST_HOST = "$(BUILT_PRODUCTS_DIR)/Login.app/Login";
			};
			name = Debug;
		};
		67CDF0AD1C44509B00977C70 /* Release */ = {
			isa = XCBuildConfiguration;
			buildSettings = {
				BUNDLE_LOADER = "$(TEST_HOST)";
				INFOPLIST_FILE = LoginTests/Info.plist;
				LD_RUNPATH_SEARCH_PATHS = "$(inherited) @executable_path/Frameworks @loader_path/Frameworks";
				PRODUCT_BUNDLE_IDENTIFIER = com.eneff.LoginTests;
				PRODUCT_NAME = "$(TARGET_NAME)";
				TEST_HOST = "$(BUILT_PRODUCTS_DIR)/Login.app/Login";
			};
			name = Release;
		};
		67CDF0AF1C44509B00977C70 /* Debug */ = {
			isa = XCBuildConfiguration;
			buildSettings = {
				INFOPLIST_FILE = LoginUITests/Info.plist;
				LD_RUNPATH_SEARCH_PATHS = "$(inherited) @executable_path/Frameworks @loader_path/Frameworks";
				PRODUCT_BUNDLE_IDENTIFIER = com.eneff.LoginUITests;
				PRODUCT_NAME = "$(TARGET_NAME)";
				TEST_TARGET_NAME = Login;
				USES_XCTRUNNER = YES;
			};
			name = Debug;
		};
		67CDF0B01C44509B00977C70 /* Release */ = {
			isa = XCBuildConfiguration;
			buildSettings = {
				INFOPLIST_FILE = LoginUITests/Info.plist;
				LD_RUNPATH_SEARCH_PATHS = "$(inherited) @executable_path/Frameworks @loader_path/Frameworks";
				PRODUCT_BUNDLE_IDENTIFIER = com.eneff.LoginUITests;
				PRODUCT_NAME = "$(TARGET_NAME)";
				TEST_TARGET_NAME = Login;
				USES_XCTRUNNER = YES;
			};
			name = Release;
		};
/* End XCBuildConfiguration section */

/* Begin XCConfigurationList section */
		67CDF07B1C44509A00977C70 /* Build configuration list for PBXProject "Login" */ = {
			isa = XCConfigurationList;
			buildConfigurations = (
				67CDF0A61C44509B00977C70 /* Debug */,
				67CDF0A71C44509B00977C70 /* Release */,
			);
			defaultConfigurationIsVisible = 0;
			defaultConfigurationName = Release;
		};
		67CDF0A81C44509B00977C70 /* Build configuration list for PBXNativeTarget "Login" */ = {
			isa = XCConfigurationList;
			buildConfigurations = (
				67CDF0A91C44509B00977C70 /* Debug */,
				67CDF0AA1C44509B00977C70 /* Release */,
			);
			defaultConfigurationIsVisible = 0;
		};
		67CDF0AB1C44509B00977C70 /* Build configuration list for PBXNativeTarget "LoginTests" */ = {
			isa = XCConfigurationList;
			buildConfigurations = (
				67CDF0AC1C44509B00977C70 /* Debug */,
				67CDF0AD1C44509B00977C70 /* Release */,
			);
			defaultConfigurationIsVisible = 0;
		};
		67CDF0AE1C44509B00977C70 /* Build configuration list for PBXNativeTarget "LoginUITests" */ = {
			isa = XCConfigurationList;
			buildConfigurations = (
				67CDF0AF1C44509B00977C70 /* Debug */,
				67CDF0B01C44509B00977C70 /* Release */,
			);
			defaultConfigurationIsVisible = 0;
		};
/* End XCConfigurationList section */
	};
	rootObject = 67CDF0781C44509A00977C70 /* Project object */;
}
